// !$*UTF8*$!
{
	archiveVersion = 1;
	classes = {
	};
	objectVersion = 47;
	objects = {

/* Begin PBXBuildFile section */
		2C246AAC19E4204200A17ED3 /* NSTask+SimpleTask.m in Sources */ = {isa = PBXBuildFile; fileRef = 2C246AAB19E4204200A17ED3 /* NSTask+SimpleTask.m */; };
		2C3367DB19E390540070C838 /* main.m in Sources */ = {isa = PBXBuildFile; fileRef = 2CC2B1A819DE6A0F00CDE9D2 /* main.m */; };
		2C4A364619E648880031E521 /* DonationReminder.framework in Frameworks */ = {isa = PBXBuildFile; fileRef = 2C4A364419E6484C0031E521 /* DonationReminder.framework */; };
		2C71B6471D79684A0001DC59 /* Cocoa.framework in Frameworks */ = {isa = PBXBuildFile; fileRef = 2C71B6461D79684A0001DC59 /* Cocoa.framework */; };
		2C71B6491D79685A0001DC59 /* AppleScriptObjC.framework in Frameworks */ = {isa = PBXBuildFile; fileRef = 2C71B6481D79685A0001DC59 /* AppleScriptObjC.framework */; };
		2C71B64A1D7980070001DC59 /* DonationReminder.framework in CopyFiles */ = {isa = PBXBuildFile; fileRef = 2C4A364419E6484C0031E521 /* DonationReminder.framework */; settings = {ATTRIBUTES = (CodeSignOnCopy, RemoveHeadersOnCopy, ); }; };
		2CC2B1A719DE6A0F00CDE9D2 /* InfoPlist.strings in Resources */ = {isa = PBXBuildFile; fileRef = 2CC2B1A519DE6A0F00CDE9D2 /* InfoPlist.strings */; };
		2CC2B1AD19DE6A0F00CDE9D2 /* Credits.rtf in Resources */ = {isa = PBXBuildFile; fileRef = 2CC2B1AB19DE6A0F00CDE9D2 /* Credits.rtf */; };
		2CC2B1AF19DE6A0F00CDE9D2 /* ASBridge.applescript in Sources */ = {isa = PBXBuildFile; fileRef = 2CC2B1AE19DE6A0F00CDE9D2 /* ASBridge.applescript */; };
		2CC2B1B219DE6A1000CDE9D2 /* MainMenu.xib in Resources */ = {isa = PBXBuildFile; fileRef = 2CC2B1B019DE6A1000CDE9D2 /* MainMenu.xib */; };
		2CC2B1BA19DE6AE200CDE9D2 /* AppDelegate.m in Sources */ = {isa = PBXBuildFile; fileRef = 2CC2B1B919DE6AE200CDE9D2 /* AppDelegate.m */; };
		2CC39C8519E66872001384E2 /* ServicesMenu.strings in Resources */ = {isa = PBXBuildFile; fileRef = 2CC39C8719E66872001384E2 /* ServicesMenu.strings */; };
		2CC39C8B19E66C9B001384E2 /* Localizable.strings in Resources */ = {isa = PBXBuildFile; fileRef = 2CC39C8D19E66C9B001384E2 /* Localizable.strings */; };
		2CC39C9319E67252001384E2 /* MainMenu.strings in Resources */ = {isa = PBXBuildFile; fileRef = 2CC39C9119E67252001384E2 /* MainMenu.strings */; };
/* End PBXBuildFile section */

/* Begin PBXCopyFilesBuildPhase section */
		2C4A364319E648190031E521 /* CopyFiles */ = {
			isa = PBXCopyFilesBuildPhase;
			buildActionMask = 2147483647;
			dstPath = "";
			dstSubfolderSpec = 10;
			files = (
				2C71B64A1D7980070001DC59 /* DonationReminder.framework in CopyFiles */,
			);
			runOnlyForDeploymentPostprocessing = 0;
		};
/* End PBXCopyFilesBuildPhase section */

/* Begin PBXFileReference section */
		2C246AAA19E4204200A17ED3 /* NSTask+SimpleTask.h */ = {isa = PBXFileReference; fileEncoding = 4; lastKnownFileType = sourcecode.c.h; path = "NSTask+SimpleTask.h"; sourceTree = "<group>"; };
		2C246AAB19E4204200A17ED3 /* NSTask+SimpleTask.m */ = {isa = PBXFileReference; fileEncoding = 4; lastKnownFileType = sourcecode.c.objc; path = "NSTask+SimpleTask.m"; sourceTree = "<group>"; };
		2C4A364419E6484C0031E521 /* DonationReminder.framework */ = {isa = PBXFileReference; lastKnownFileType = wrapper.framework; path = DonationReminder.framework; sourceTree = "<group>"; };
		2C4A364919E64D7B0031E521 /* ja */ = {isa = PBXFileReference; lastKnownFileType = text.plist.strings; name = ja; path = ja.lproj/InfoPlist.strings; sourceTree = "<group>"; };
		2C71B6461D79684A0001DC59 /* Cocoa.framework */ = {isa = PBXFileReference; lastKnownFileType = wrapper.framework; name = Cocoa.framework; path = Platforms/MacOSX.platform/Developer/SDKs/MacOSX10.11.sdk/System/Library/Frameworks/Cocoa.framework; sourceTree = DEVELOPER_DIR; };
		2C71B6481D79685A0001DC59 /* AppleScriptObjC.framework */ = {isa = PBXFileReference; lastKnownFileType = wrapper.framework; name = AppleScriptObjC.framework; path = Platforms/MacOSX.platform/Developer/SDKs/MacOSX10.11.sdk/System/Library/Frameworks/AppleScriptObjC.framework; sourceTree = DEVELOPER_DIR; };
		2CC2B19719DE6A0F00CDE9D2 /* Putaway Disk Image File.app */ = {isa = PBXFileReference; explicitFileType = wrapper.application; includeInIndex = 0; path = "Putaway Disk Image File.app"; sourceTree = BUILT_PRODUCTS_DIR; };
		2CC2B1A419DE6A0F00CDE9D2 /* Putaway Disk Image File-Info.plist */ = {isa = PBXFileReference; lastKnownFileType = text.plist.xml; path = "Putaway Disk Image File-Info.plist"; sourceTree = "<group>"; };
		2CC2B1A619DE6A0F00CDE9D2 /* en */ = {isa = PBXFileReference; lastKnownFileType = text.plist.strings; name = en; path = en.lproj/InfoPlist.strings; sourceTree = "<group>"; };
		2CC2B1A819DE6A0F00CDE9D2 /* main.m */ = {isa = PBXFileReference; lastKnownFileType = sourcecode.c.objc; path = main.m; sourceTree = "<group>"; };
		2CC2B1AA19DE6A0F00CDE9D2 /* Putaway Disk Image File-Prefix.pch */ = {isa = PBXFileReference; lastKnownFileType = sourcecode.c.h; path = "Putaway Disk Image File-Prefix.pch"; sourceTree = "<group>"; };
		2CC2B1AC19DE6A0F00CDE9D2 /* en */ = {isa = PBXFileReference; lastKnownFileType = text.rtf; name = en; path = en.lproj/Credits.rtf; sourceTree = "<group>"; };
		2CC2B1AE19DE6A0F00CDE9D2 /* ASBridge.applescript */ = {isa = PBXFileReference; lastKnownFileType = sourcecode.applescript; path = ASBridge.applescript; sourceTree = "<group>"; };
		2CC2B1B119DE6A1000CDE9D2 /* en */ = {isa = PBXFileReference; lastKnownFileType = file.xib; name = en; path = en.lproj/MainMenu.xib; sourceTree = "<group>"; };
		2CC2B1B819DE6AE200CDE9D2 /* AppDelegate.h */ = {isa = PBXFileReference; fileEncoding = 4; lastKnownFileType = sourcecode.c.h; path = AppDelegate.h; sourceTree = "<group>"; };
		2CC2B1B919DE6AE200CDE9D2 /* AppDelegate.m */ = {isa = PBXFileReference; fileEncoding = 4; lastKnownFileType = sourcecode.c.objc; path = AppDelegate.m; sourceTree = "<group>"; };
		2CC39C8619E66872001384E2 /* ja */ = {isa = PBXFileReference; fileEncoding = 10; lastKnownFileType = text.plist.strings; name = ja; path = ja.lproj/ServicesMenu.strings; sourceTree = "<group>"; };
		2CC39C8819E66876001384E2 /* en */ = {isa = PBXFileReference; fileEncoding = 10; lastKnownFileType = text.plist.strings; name = en; path = en.lproj/ServicesMenu.strings; sourceTree = "<group>"; };
		2CC39C8C19E66C9B001384E2 /* en */ = {isa = PBXFileReference; fileEncoding = 10; lastKnownFileType = text.plist.strings; name = en; path = en.lproj/Localizable.strings; sourceTree = "<group>"; };
		2CC39C8E19E66C9C001384E2 /* ja */ = {isa = PBXFileReference; fileEncoding = 10; lastKnownFileType = text.plist.strings; name = ja; path = ja.lproj/Localizable.strings; sourceTree = "<group>"; };
		2CC39C8F19E66EDA001384E2 /* ja */ = {isa = PBXFileReference; lastKnownFileType = file.xib; name = ja; path = ja.lproj/MainMenu.xib; sourceTree = "<group>"; };
		2CC39C9219E67252001384E2 /* ja */ = {isa = PBXFileReference; fileEncoding = 10; lastKnownFileType = text.plist.strings; name = ja; path = ja.lproj/MainMenu.strings; sourceTree = "<group>"; };
/* End PBXFileReference section */

/* Begin PBXFrameworksBuildPhase section */
		2CC2B19419DE6A0F00CDE9D2 /* Frameworks */ = {
			isa = PBXFrameworksBuildPhase;
			buildActionMask = 2147483647;
			files = (
				2C71B6491D79685A0001DC59 /* AppleScriptObjC.framework in Frameworks */,
				2C71B6471D79684A0001DC59 /* Cocoa.framework in Frameworks */,
				2C4A364619E648880031E521 /* DonationReminder.framework in Frameworks */,
			);
			runOnlyForDeploymentPostprocessing = 0;
		};
/* End PBXFrameworksBuildPhase section */

/* Begin PBXGroup section */
		2CC2B18E19DE6A0F00CDE9D2 = {
			isa = PBXGroup;
			children = (
				2CC2B1A219DE6A0F00CDE9D2 /* Putaway Disk Image File */,
				2CC2B19919DE6A0F00CDE9D2 /* Frameworks */,
				2CC2B19819DE6A0F00CDE9D2 /* Products */,
			);
			sourceTree = "<group>";
		};
		2CC2B19819DE6A0F00CDE9D2 /* Products */ = {
			isa = PBXGroup;
			children = (
				2CC2B19719DE6A0F00CDE9D2 /* Putaway Disk Image File.app */,
			);
			name = Products;
			sourceTree = "<group>";
		};
		2CC2B19919DE6A0F00CDE9D2 /* Frameworks */ = {
			isa = PBXGroup;
			children = (
				2C71B6481D79685A0001DC59 /* AppleScriptObjC.framework */,
				2C71B6461D79684A0001DC59 /* Cocoa.framework */,
				2C4A364419E6484C0031E521 /* DonationReminder.framework */,
				2CC2B19E19DE6A0F00CDE9D2 /* Other Frameworks */,
			);
			name = Frameworks;
			sourceTree = "<group>";
		};
		2CC2B19E19DE6A0F00CDE9D2 /* Other Frameworks */ = {
			isa = PBXGroup;
			children = (
			);
			name = "Other Frameworks";
			sourceTree = "<group>";
		};
		2CC2B1A219DE6A0F00CDE9D2 /* Putaway Disk Image File */ = {
			isa = PBXGroup;
			children = (
				2C246AAA19E4204200A17ED3 /* NSTask+SimpleTask.h */,
				2C246AAB19E4204200A17ED3 /* NSTask+SimpleTask.m */,
				2CC2B1AE19DE6A0F00CDE9D2 /* ASBridge.applescript */,
				2CC2B1B819DE6AE200CDE9D2 /* AppDelegate.h */,
				2CC2B1B919DE6AE200CDE9D2 /* AppDelegate.m */,
				2CC2B1B019DE6A1000CDE9D2 /* MainMenu.xib */,
				2CC2B1A319DE6A0F00CDE9D2 /* Supporting Files */,
			);
			path = "Putaway Disk Image File";
			sourceTree = "<group>";
		};
		2CC2B1A319DE6A0F00CDE9D2 /* Supporting Files */ = {
			isa = PBXGroup;
			children = (
				2CC39C9119E67252001384E2 /* MainMenu.strings */,
				2CC2B1A419DE6A0F00CDE9D2 /* Putaway Disk Image File-Info.plist */,
				2CC2B1A519DE6A0F00CDE9D2 /* InfoPlist.strings */,
				2CC2B1A819DE6A0F00CDE9D2 /* main.m */,
				2CC2B1AA19DE6A0F00CDE9D2 /* Putaway Disk Image File-Prefix.pch */,
				2CC2B1AB19DE6A0F00CDE9D2 /* Credits.rtf */,
				2CC39C8719E66872001384E2 /* ServicesMenu.strings */,
				2CC39C8D19E66C9B001384E2 /* Localizable.strings */,
			);
			name = "Supporting Files";
			sourceTree = "<group>";
		};
/* End PBXGroup section */

/* Begin PBXNativeTarget section */
		2CC2B19619DE6A0F00CDE9D2 /* Putaway Disk Image File */ = {
			isa = PBXNativeTarget;
			buildConfigurationList = 2CC2B1B519DE6A1000CDE9D2 /* Build configuration list for PBXNativeTarget "Putaway Disk Image File" */;
			buildPhases = (
				2CC39C9019E66FEB001384E2 /* ShellScript */,
				2CC2B19319DE6A0F00CDE9D2 /* Sources */,
				2CC2B19419DE6A0F00CDE9D2 /* Frameworks */,
				2CC2B19519DE6A0F00CDE9D2 /* Resources */,
				2C4A364319E648190031E521 /* CopyFiles */,
			);
			buildRules = (
			);
			dependencies = (
			);
			name = "Putaway Disk Image File";
			productName = "Putaway Disk Image File";
			productReference = 2CC2B19719DE6A0F00CDE9D2 /* Putaway Disk Image File.app */;
			productType = "com.apple.product-type.application";
		};
/* End PBXNativeTarget section */

/* Begin PBXProject section */
		2CC2B18F19DE6A0F00CDE9D2 /* Project object */ = {
			isa = PBXProject;
			attributes = {
				LastUpgradeCheck = 0460;
				ORGANIZATIONNAME = "栗田 哲郎";
			};
			buildConfigurationList = 2CC2B19219DE6A0F00CDE9D2 /* Build configuration list for PBXProject "Putaway Disk Image File" */;
			compatibilityVersion = "Xcode 6.3";
			developmentRegion = English;
			hasScannedForEncodings = 0;
			knownRegions = (
				en,
				ja,
			);
			mainGroup = 2CC2B18E19DE6A0F00CDE9D2;
			productRefGroup = 2CC2B19819DE6A0F00CDE9D2 /* Products */;
			projectDirPath = "";
			projectRoot = "";
			targets = (
				2CC2B19619DE6A0F00CDE9D2 /* Putaway Disk Image File */,
			);
		};
/* End PBXProject section */

/* Begin PBXResourcesBuildPhase section */
		2CC2B19519DE6A0F00CDE9D2 /* Resources */ = {
			isa = PBXResourcesBuildPhase;
			buildActionMask = 2147483647;
			files = (
				2CC2B1A719DE6A0F00CDE9D2 /* InfoPlist.strings in Resources */,
				2CC2B1AD19DE6A0F00CDE9D2 /* Credits.rtf in Resources */,
				2CC2B1B219DE6A1000CDE9D2 /* MainMenu.xib in Resources */,
				2CC39C8519E66872001384E2 /* ServicesMenu.strings in Resources */,
				2CC39C8B19E66C9B001384E2 /* Localizable.strings in Resources */,
				2CC39C9319E67252001384E2 /* MainMenu.strings in Resources */,
			);
			runOnlyForDeploymentPostprocessing = 0;
		};
/* End PBXResourcesBuildPhase section */

/* Begin PBXShellScriptBuildPhase section */
		2CC39C9019E66FEB001384E2 /* ShellScript */ = {
			isa = PBXShellScriptBuildPhase;
			buildActionMask = 2147483647;
			files = (
			);
			inputPaths = (
				"$(SRCROOT)/Putaway Disk Image File/en.lproj/MainMenu.xib",
				"$(SRCROOT)/Putaway Disk Image File/ja.lproj/MainMenu.strings",
			);
			outputPaths = (
				"$(SRCROOT)/Putaway Disk Image File/ja.lproj/MainMenu.xib",
			);
			runOnlyForDeploymentPostprocessing = 0;
			shellPath = /bin/sh;
			shellScript = "# Extract English strings (use this to check if you added new strings to your nibs)\n# ibtool --generate-strings-file Resources/English.lproj/MainWindow.strings Resources/English.lproj/MainWindow.xib\n# Generate Localized interface\n\nfunction generate_localized_interface\n{\n    base_lang=$1\n    target_lang=$2\n    target_nib=$3\n    \n    nib_basename=`echo ${target_nib} | sed -E -e 's/\\.(nib|xib)//'`\n    \n    target_lang_strings=${target_lang}.lproj/${nib_basename}.strings\n    target_lang_nib=${target_lang}.lproj/${target_nib}\n    \n    if ! [ -e ${target_lang_strings} ]; then\n\tibtool --generate-strings-file ${target_lang_strings} ${target_lang_nib}\n    else\n\techo \"${target_lang_strings} exist\"\U0013\n    fi\n    \n    ibtool --strings-file ${target_lang_strings} --write ${target_lang_nib} ${base_lang}.lproj/${target_nib}\n    if [ -e ${target_lang_nib}/.svn ]; then\n\trm -rf ${target_lang_nib}/.svn\n    fi\n}\n\ncd 'Putaway Disk Image File'\ngenerate_localized_interface en ja MainMenu.xib";
		};
/* End PBXShellScriptBuildPhase section */

/* Begin PBXSourcesBuildPhase section */
		2CC2B19319DE6A0F00CDE9D2 /* Sources */ = {
			isa = PBXSourcesBuildPhase;
			buildActionMask = 2147483647;
			files = (
				2C3367DB19E390540070C838 /* main.m in Sources */,
				2CC2B1AF19DE6A0F00CDE9D2 /* ASBridge.applescript in Sources */,
				2CC2B1BA19DE6AE200CDE9D2 /* AppDelegate.m in Sources */,
				2C246AAC19E4204200A17ED3 /* NSTask+SimpleTask.m in Sources */,
			);
			runOnlyForDeploymentPostprocessing = 0;
		};
/* End PBXSourcesBuildPhase section */

/* Begin PBXVariantGroup section */
		2CC2B1A519DE6A0F00CDE9D2 /* InfoPlist.strings */ = {
			isa = PBXVariantGroup;
			children = (
				2CC2B1A619DE6A0F00CDE9D2 /* en */,
				2C4A364919E64D7B0031E521 /* ja */,
			);
			name = InfoPlist.strings;
			sourceTree = "<group>";
		};
		2CC2B1AB19DE6A0F00CDE9D2 /* Credits.rtf */ = {
			isa = PBXVariantGroup;
			children = (
				2CC2B1AC19DE6A0F00CDE9D2 /* en */,
			);
			name = Credits.rtf;
			sourceTree = "<group>";
		};
		2CC2B1B019DE6A1000CDE9D2 /* MainMenu.xib */ = {
			isa = PBXVariantGroup;
			children = (
				2CC2B1B119DE6A1000CDE9D2 /* en */,
				2CC39C8F19E66EDA001384E2 /* ja */,
			);
			name = MainMenu.xib;
			sourceTree = "<group>";
		};
		2CC39C8719E66872001384E2 /* ServicesMenu.strings */ = {
			isa = PBXVariantGroup;
			children = (
				2CC39C8619E66872001384E2 /* ja */,
				2CC39C8819E66876001384E2 /* en */,
			);
			name = ServicesMenu.strings;
			sourceTree = "<group>";
		};
		2CC39C8D19E66C9B001384E2 /* Localizable.strings */ = {
			isa = PBXVariantGroup;
			children = (
				2CC39C8C19E66C9B001384E2 /* en */,
				2CC39C8E19E66C9C001384E2 /* ja */,
			);
			name = Localizable.strings;
			sourceTree = "<group>";
		};
		2CC39C9119E67252001384E2 /* MainMenu.strings */ = {
			isa = PBXVariantGroup;
			children = (
				2CC39C9219E67252001384E2 /* ja */,
			);
			name = MainMenu.strings;
			sourceTree = "<group>";
		};
/* End PBXVariantGroup section */

/* Begin XCBuildConfiguration section */
		2CC2B1B319DE6A1000CDE9D2 /* Debug */ = {
			isa = XCBuildConfiguration;
			buildSettings = {
				ALWAYS_SEARCH_USER_PATHS = NO;
				ARCHS = "$(ARCHS_STANDARD_64_BIT)";
				CLANG_CXX_LANGUAGE_STANDARD = "gnu++0x";
				CLANG_CXX_LIBRARY = "libc++";
				CLANG_WARN_CONSTANT_CONVERSION = YES;
				CLANG_WARN_EMPTY_BODY = YES;
				CLANG_WARN_ENUM_CONVERSION = YES;
				CLANG_WARN_INT_CONVERSION = YES;
				CLANG_WARN__DUPLICATE_METHOD_MATCH = YES;
				COPY_PHASE_STRIP = NO;
				CURRENT_PROJECT_VERSION = 14;
				GCC_C_LANGUAGE_STANDARD = gnu99;
				GCC_DYNAMIC_NO_PIC = NO;
				GCC_ENABLE_OBJC_EXCEPTIONS = YES;
				GCC_OPTIMIZATION_LEVEL = 0;
				GCC_PREPROCESSOR_DEFINITIONS = (
					"DEBUG=1",
					"$(inherited)",
				);
				GCC_SYMBOLS_PRIVATE_EXTERN = NO;
				GCC_WARN_64_TO_32_BIT_CONVERSION = YES;
				GCC_WARN_ABOUT_RETURN_TYPE = YES;
				GCC_WARN_UNINITIALIZED_AUTOS = YES;
				GCC_WARN_UNUSED_VARIABLE = YES;
				MACOSX_DEPLOYMENT_TARGET = 10.8;
				ONLY_ACTIVE_ARCH = YES;
				SDKROOT = macosx10.11;
				VERSIONING_SYSTEM = "apple-generic";
			};
			name = Debug;
		};
		2CC2B1B419DE6A1000CDE9D2 /* Release */ = {
			isa = XCBuildConfiguration;
			buildSettings = {
				ALWAYS_SEARCH_USER_PATHS = NO;
				ARCHS = "$(ARCHS_STANDARD_64_BIT)";
				CLANG_CXX_LANGUAGE_STANDARD = "gnu++0x";
				CLANG_CXX_LIBRARY = "libc++";
				CLANG_WARN_CONSTANT_CONVERSION = YES;
				CLANG_WARN_EMPTY_BODY = YES;
				CLANG_WARN_ENUM_CONVERSION = YES;
				CLANG_WARN_INT_CONVERSION = YES;
				CLANG_WARN__DUPLICATE_METHOD_MATCH = YES;
				COPY_PHASE_STRIP = YES;
				CURRENT_PROJECT_VERSION = 14;
				DEBUG_INFORMATION_FORMAT = "dwarf-with-dsym";
				GCC_C_LANGUAGE_STANDARD = gnu99;
				GCC_ENABLE_OBJC_EXCEPTIONS = YES;
				GCC_WARN_64_TO_32_BIT_CONVERSION = YES;
				GCC_WARN_ABOUT_RETURN_TYPE = YES;
				GCC_WARN_UNINITIALIZED_AUTOS = YES;
				GCC_WARN_UNUSED_VARIABLE = YES;
				MACOSX_DEPLOYMENT_TARGET = 10.8;
				SDKROOT = macosx10.11;
				VERSIONING_SYSTEM = "apple-generic";
			};
			name = Release;
		};
		2CC2B1B619DE6A1000CDE9D2 /* Debug */ = {
			isa = XCBuildConfiguration;
			buildSettings = {
				CLANG_ENABLE_OBJC_ARC = YES;
				COMBINE_HIDPI_IMAGES = YES;
				FRAMEWORK_SEARCH_PATHS = (
					"$(inherited)",
					"\"$(SRCROOT)\"",
				);
				GCC_PRECOMPILE_PREFIX_HEADER = YES;
				GCC_PREFIX_HEADER = "Putaway Disk Image File/Putaway Disk Image File-Prefix.pch";
				INFOPLIST_FILE = "Putaway Disk Image File/Putaway Disk Image File-Info.plist";
				MACOSX_DEPLOYMENT_TARGET = 10.8;
				PRODUCT_NAME = "$(TARGET_NAME)";
				SDKROOT = macosx;
				WRAPPER_EXTENSION = app;
			};
			name = Debug;
		};
		2CC2B1B719DE6A1000CDE9D2 /* Release */ = {
			isa = XCBuildConfiguration;
			buildSettings = {
				CLANG_ENABLE_OBJC_ARC = YES;
				COMBINE_HIDPI_IMAGES = YES;
				FRAMEWORK_SEARCH_PATHS = (
					"$(inherited)",
					"\"$(SRCROOT)\"",
				);
				GCC_PRECOMPILE_PREFIX_HEADER = YES;
				GCC_PREFIX_HEADER = "Putaway Disk Image File/Putaway Disk Image File-Prefix.pch";
				INFOPLIST_FILE = "Putaway Disk Image File/Putaway Disk Image File-Info.plist";
				MACOSX_DEPLOYMENT_TARGET = 10.8;
				PRODUCT_NAME = "$(TARGET_NAME)";
				SDKROOT = macosx;
				WRAPPER_EXTENSION = app;
			};
			name = Release;
		};
/* End XCBuildConfiguration section */

/* Begin XCConfigurationList section */
		2CC2B19219DE6A0F00CDE9D2 /* Build configuration list for PBXProject "Putaway Disk Image File" */ = {
			isa = XCConfigurationList;
			buildConfigurations = (
				2CC2B1B319DE6A1000CDE9D2 /* Debug */,
				2CC2B1B419DE6A1000CDE9D2 /* Release */,
			);
			defaultConfigurationIsVisible = 0;
			defaultConfigurationName = Release;
		};
		2CC2B1B519DE6A1000CDE9D2 /* Build configuration list for PBXNativeTarget "Putaway Disk Image File" */ = {
			isa = XCConfigurationList;
			buildConfigurations = (
				2CC2B1B619DE6A1000CDE9D2 /* Debug */,
				2CC2B1B719DE6A1000CDE9D2 /* Release */,
			);
			defaultConfigurationIsVisible = 0;
			defaultConfigurationName = Release;
		};
/* End XCConfigurationList section */
	};
	rootObject = 2CC2B18F19DE6A0F00CDE9D2 /* Project object */;
}
