// !$*UTF8*$!
{
	archiveVersion = 1;
	classes = {
	};
	objectVersion = 47;
	objects = {

/* Begin PBXBuildFile section */
		2C246AAC19E4204200A17ED3 /* NSTask+SimpleTask.m in Sources */ = {isa = PBXBuildFile; fileRef = 2C246AAB19E4204200A17ED3 /* NSTask+SimpleTask.m */; };
		2C3367DB19E390540070C838 /* main.m in Sources */ = {isa = PBXBuildFile; fileRef = 2CC2B1A819DE6A0F00CDE9D2 /* main.m */; };
		2C6091291D91540A00EEC1A9 /* DonationReminder.framework in Frameworks */ = {isa = PBXBuildFile; fileRef = 2C6091261D9153D700EEC1A9 /* DonationReminder.framework */; };
		2C60912A1D91541300EEC1A9 /* DonationReminder.framework in CopyFiles */ = {isa = PBXBuildFile; fileRef = 2C6091261D9153D700EEC1A9 /* DonationReminder.framework */; settings = {ATTRIBUTES = (CodeSignOnCopy, RemoveHeadersOnCopy, ); }; };
		2C71B6471D79684A0001DC59 /* Cocoa.framework in Frameworks */ = {isa = PBXBuildFile; fileRef = 2C71B6461D79684A0001DC59 /* Cocoa.framework */; };
		2C71B6491D79685A0001DC59 /* AppleScriptObjC.framework in Frameworks */ = {isa = PBXBuildFile; fileRef = 2C71B6481D79685A0001DC59 /* AppleScriptObjC.framework */; };
		2CC2B1A719DE6A0F00CDE9D2 /* InfoPlist.strings in Resources */ = {isa = PBXBuildFile; fileRef = 2CC2B1A519DE6A0F00CDE9D2 /* InfoPlist.strings */; };
		2CC2B1AD19DE6A0F00CDE9D2 /* Credits.rtf in Resources */ = {isa = PBXBuildFile; fileRef = 2CC2B1AB19DE6A0F00CDE9D2 /* Credits.rtf */; };
		2CC2B1AF19DE6A0F00CDE9D2 /* ASBridge.applescript in Sources */ = {isa = PBXBuildFile; fileRef = 2CC2B1AE19DE6A0F00CDE9D2 /* ASBridge.applescript */; };
		2CC2B1B219DE6A1000CDE9D2 /* MainMenu.xib in Resources */ = {isa = PBXBuildFile; fileRef = 2CC2B1B019DE6A1000CDE9D2 /* MainMenu.xib */; };
		2CC2B1BA19DE6AE200CDE9D2 /* AppDelegate.m in Sources */ = {isa = PBXBuildFile; fileRef = 2CC2B1B919DE6AE200CDE9D2 /* AppDelegate.m */; };
		2CC39C8519E66872001384E2 /* ServicesMenu.strings in Resources */ = {isa = PBXBuildFile; fileRef = 2CC39C8719E66872001384E2 /* ServicesMenu.strings */; };
		2CC39C8B19E66C9B001384E2 /* Localizable.strings in Resources */ = {isa = PBXBuildFile; fileRef = 2CC39C8D19E66C9B001384E2 /* Localizable.strings */; };
		2CC39C9319E67252001384E2 /* MainMenu.strings in Resources */ = {isa = PBXBuildFile; fileRef = 2CC39C9119E67252001384E2 /* MainMenu.strings */; };
		2CE3D5351D8B80E00010B3C8 /* PutawayDMG.icns in Resources */ = {isa = PBXBuildFile; fileRef = 2CE3D5341D8B80E00010B3C8 /* PutawayDMG.icns */; };
		40F68A0EB99A40193D42B18E /* libPods-PutawayDMG.a in Frameworks */ = {isa = PBXBuildFile; fileRef = 8AC649245A76379CD741213C /* libPods-PutawayDMG.a */; };
/* End PBXBuildFile section */

/* Begin PBXContainerItemProxy section */
		2C6091251D9153D700EEC1A9 /* PBXContainerItemProxy */ = {
			isa = PBXContainerItemProxy;
			containerPortal = 2C6091211D9153D700EEC1A9 /* DonationReminder.xcodeproj */;
			proxyType = 2;
			remoteGlobalIDString = 2C4A363E19E61FC40031E521;
			remoteInfo = DonationReminder;
		};
		2C6091271D9153E700EEC1A9 /* PBXContainerItemProxy */ = {
			isa = PBXContainerItemProxy;
			containerPortal = 2C6091211D9153D700EEC1A9 /* DonationReminder.xcodeproj */;
			proxyType = 1;
			remoteGlobalIDString = 2C4A363119E61FC40031E521;
			remoteInfo = DonationReminder;
		};
/* End PBXContainerItemProxy section */

/* Begin PBXCopyFilesBuildPhase section */
		2C4A364319E648190031E521 /* CopyFiles */ = {
			isa = PBXCopyFilesBuildPhase;
			buildActionMask = 2147483647;
			dstPath = "";
			dstSubfolderSpec = 10;
			files = (
				2C60912A1D91541300EEC1A9 /* DonationReminder.framework in CopyFiles */,
			);
			runOnlyForDeploymentPostprocessing = 0;
		};
/* End PBXCopyFilesBuildPhase section */

/* Begin PBXFileReference section */
		2C246AAA19E4204200A17ED3 /* NSTask+SimpleTask.h */ = {isa = PBXFileReference; fileEncoding = 4; lastKnownFileType = sourcecode.c.h; path = "NSTask+SimpleTask.h"; sourceTree = "<group>"; };
		2C246AAB19E4204200A17ED3 /* NSTask+SimpleTask.m */ = {isa = PBXFileReference; fileEncoding = 4; lastKnownFileType = sourcecode.c.objc; path = "NSTask+SimpleTask.m"; sourceTree = "<group>"; };
		2C4A364919E64D7B0031E521 /* ja */ = {isa = PBXFileReference; lastKnownFileType = text.plist.strings; name = ja; path = ja.lproj/InfoPlist.strings; sourceTree = "<group>"; };
		2C6091131D9146DE00EEC1A9 /* Podfile */ = {isa = PBXFileReference; fileEncoding = 4; lastKnownFileType = text; path = Podfile; sourceTree = "<group>"; xcLanguageSpecificationIdentifier = xcode.lang.ruby; };
		2C6091161D914DE100EEC1A9 /* Base */ = {isa = PBXFileReference; lastKnownFileType = file.xib; name = Base; path = Base.lproj/MainMenu.xib; sourceTree = "<group>"; };
		2C6091171D914DF800EEC1A9 /* ja */ = {isa = PBXFileReference; fileEncoding = 4; lastKnownFileType = text.plist.strings; name = ja; path = ja.lproj/MainMenu.strings; sourceTree = "<group>"; };
		2C6091211D9153D700EEC1A9 /* DonationReminder.xcodeproj */ = {isa = PBXFileReference; lastKnownFileType = "wrapper.pb-project"; name = DonationReminder.xcodeproj; path = DonationReminder/DonationReminder.xcodeproj; sourceTree = "<group>"; };
		2C71B6461D79684A0001DC59 /* Cocoa.framework */ = {isa = PBXFileReference; lastKnownFileType = wrapper.framework; name = Cocoa.framework; path = Platforms/MacOSX.platform/Developer/SDKs/MacOSX10.11.sdk/System/Library/Frameworks/Cocoa.framework; sourceTree = DEVELOPER_DIR; };
		2C71B6481D79685A0001DC59 /* AppleScriptObjC.framework */ = {isa = PBXFileReference; lastKnownFileType = wrapper.framework; name = AppleScriptObjC.framework; path = Platforms/MacOSX.platform/Developer/SDKs/MacOSX10.11.sdk/System/Library/Frameworks/AppleScriptObjC.framework; sourceTree = DEVELOPER_DIR; };
		2CC2B19719DE6A0F00CDE9D2 /* PutawayDMG.app */ = {isa = PBXFileReference; explicitFileType = wrapper.application; includeInIndex = 0; path = PutawayDMG.app; sourceTree = BUILT_PRODUCTS_DIR; };
		2CC2B1A419DE6A0F00CDE9D2 /* PutawayDMG-Info.plist */ = {isa = PBXFileReference; lastKnownFileType = text.plist.xml; path = "PutawayDMG-Info.plist"; sourceTree = "<group>"; };
		2CC2B1A619DE6A0F00CDE9D2 /* en */ = {isa = PBXFileReference; lastKnownFileType = text.plist.strings; name = en; path = en.lproj/InfoPlist.strings; sourceTree = "<group>"; };
		2CC2B1A819DE6A0F00CDE9D2 /* main.m */ = {isa = PBXFileReference; lastKnownFileType = sourcecode.c.objc; path = main.m; sourceTree = "<group>"; };
		2CC2B1AA19DE6A0F00CDE9D2 /* PutawayDMG-Prefix.pch */ = {isa = PBXFileReference; lastKnownFileType = sourcecode.c.h; path = "PutawayDMG-Prefix.pch"; sourceTree = "<group>"; };
		2CC2B1AC19DE6A0F00CDE9D2 /* en */ = {isa = PBXFileReference; lastKnownFileType = text.rtf; name = en; path = en.lproj/Credits.rtf; sourceTree = "<group>"; };
		2CC2B1AE19DE6A0F00CDE9D2 /* ASBridge.applescript */ = {isa = PBXFileReference; lastKnownFileType = sourcecode.applescript; path = ASBridge.applescript; sourceTree = "<group>"; };
		2CC2B1B819DE6AE200CDE9D2 /* AppDelegate.h */ = {isa = PBXFileReference; fileEncoding = 4; lastKnownFileType = sourcecode.c.h; path = AppDelegate.h; sourceTree = "<group>"; };
		2CC2B1B919DE6AE200CDE9D2 /* AppDelegate.m */ = {isa = PBXFileReference; fileEncoding = 4; lastKnownFileType = sourcecode.c.objc; path = AppDelegate.m; sourceTree = "<group>"; };
		2CC39C8619E66872001384E2 /* ja */ = {isa = PBXFileReference; fileEncoding = 10; lastKnownFileType = text.plist.strings; name = ja; path = ja.lproj/ServicesMenu.strings; sourceTree = "<group>"; };
		2CC39C8819E66876001384E2 /* en */ = {isa = PBXFileReference; fileEncoding = 10; lastKnownFileType = text.plist.strings; name = en; path = en.lproj/ServicesMenu.strings; sourceTree = "<group>"; };
		2CC39C8C19E66C9B001384E2 /* en */ = {isa = PBXFileReference; fileEncoding = 10; lastKnownFileType = text.plist.strings; name = en; path = en.lproj/Localizable.strings; sourceTree = "<group>"; };
		2CC39C8E19E66C9C001384E2 /* ja */ = {isa = PBXFileReference; fileEncoding = 10; lastKnownFileType = text.plist.strings; name = ja; path = ja.lproj/Localizable.strings; sourceTree = "<group>"; };
		2CC39C9219E67252001384E2 /* ja */ = {isa = PBXFileReference; fileEncoding = 4; lastKnownFileType = text.plist.strings; name = ja; path = ja.lproj/MainMenu.strings; sourceTree = "<group>"; };
		2CE3D5341D8B80E00010B3C8 /* PutawayDMG.icns */ = {isa = PBXFileReference; lastKnownFileType = image.icns; path = PutawayDMG.icns; sourceTree = "<group>"; };
		2CF36BE11D79A2B1005C56DE /* History.md */ = {isa = PBXFileReference; lastKnownFileType = net.daringfireball.markdown; name = History.md; path = ../History.md; sourceTree = "<group>"; };
		621CD648C2C676D59D9DD5D1 /* Pods-PutawayDMG.release.xcconfig */ = {isa = PBXFileReference; includeInIndex = 1; lastKnownFileType = text.xcconfig; name = "Pods-PutawayDMG.release.xcconfig"; path = "Pods/Target Support Files/Pods-PutawayDMG/Pods-PutawayDMG.release.xcconfig"; sourceTree = "<group>"; };
		8AC649245A76379CD741213C /* libPods-PutawayDMG.a */ = {isa = PBXFileReference; explicitFileType = archive.ar; includeInIndex = 0; path = "libPods-PutawayDMG.a"; sourceTree = BUILT_PRODUCTS_DIR; };
		ABC675DBC28D675F04C13014 /* Pods-PutawayDMG.debug.xcconfig */ = {isa = PBXFileReference; includeInIndex = 1; lastKnownFileType = text.xcconfig; name = "Pods-PutawayDMG.debug.xcconfig"; path = "Pods/Target Support Files/Pods-PutawayDMG/Pods-PutawayDMG.debug.xcconfig"; sourceTree = "<group>"; };
/* End PBXFileReference section */

/* Begin PBXFrameworksBuildPhase section */
		2CC2B19419DE6A0F00CDE9D2 /* Frameworks */ = {
			isa = PBXFrameworksBuildPhase;
			buildActionMask = 2147483647;
			files = (
				2C71B6491D79685A0001DC59 /* AppleScriptObjC.framework in Frameworks */,
				2C71B6471D79684A0001DC59 /* Cocoa.framework in Frameworks */,
				2C6091291D91540A00EEC1A9 /* DonationReminder.framework in Frameworks */,
				40F68A0EB99A40193D42B18E /* libPods-PutawayDMG.a in Frameworks */,
			);
			runOnlyForDeploymentPostprocessing = 0;
		};
/* End PBXFrameworksBuildPhase section */

/* Begin PBXGroup section */
		2C6091221D9153D700EEC1A9 /* Products */ = {
			isa = PBXGroup;
			children = (
				2C6091261D9153D700EEC1A9 /* DonationReminder.framework */,
			);
			name = Products;
			sourceTree = "<group>";
		};
		2CC2B18E19DE6A0F00CDE9D2 = {
			isa = PBXGroup;
			children = (
				2CF36BE11D79A2B1005C56DE /* History.md */,
				2CC2B1A219DE6A0F00CDE9D2 /* PutawayDMG */,
				2CC2B19919DE6A0F00CDE9D2 /* Frameworks */,
				2CC2B19819DE6A0F00CDE9D2 /* Products */,
				68BC6E5BD4589FBB0F2043CB /* Pods */,
				2C6091131D9146DE00EEC1A9 /* Podfile */,
				2C6091211D9153D700EEC1A9 /* DonationReminder.xcodeproj */,
			);
			sourceTree = "<group>";
		};
		2CC2B19819DE6A0F00CDE9D2 /* Products */ = {
			isa = PBXGroup;
			children = (
				2CC2B19719DE6A0F00CDE9D2 /* PutawayDMG.app */,
			);
			name = Products;
			sourceTree = "<group>";
		};
		2CC2B19919DE6A0F00CDE9D2 /* Frameworks */ = {
			isa = PBXGroup;
			children = (
				2C71B6481D79685A0001DC59 /* AppleScriptObjC.framework */,
				2C71B6461D79684A0001DC59 /* Cocoa.framework */,
				2CC2B19E19DE6A0F00CDE9D2 /* Other Frameworks */,
				8AC649245A76379CD741213C /* libPods-PutawayDMG.a */,
			);
			name = Frameworks;
			sourceTree = "<group>";
		};
		2CC2B19E19DE6A0F00CDE9D2 /* Other Frameworks */ = {
			isa = PBXGroup;
			children = (
			);
			name = "Other Frameworks";
			sourceTree = "<group>";
		};
		2CC2B1A219DE6A0F00CDE9D2 /* PutawayDMG */ = {
			isa = PBXGroup;
			children = (
				2C246AAA19E4204200A17ED3 /* NSTask+SimpleTask.h */,
				2C246AAB19E4204200A17ED3 /* NSTask+SimpleTask.m */,
				2CC2B1AE19DE6A0F00CDE9D2 /* ASBridge.applescript */,
				2CC2B1B819DE6AE200CDE9D2 /* AppDelegate.h */,
				2CC2B1B919DE6AE200CDE9D2 /* AppDelegate.m */,
				2CC2B1B019DE6A1000CDE9D2 /* MainMenu.xib */,
				2CC2B1A319DE6A0F00CDE9D2 /* Supporting Files */,
			);
			path = PutawayDMG;
			sourceTree = "<group>";
		};
		2CC2B1A319DE6A0F00CDE9D2 /* Supporting Files */ = {
			isa = PBXGroup;
			children = (
				2CE3D5341D8B80E00010B3C8 /* PutawayDMG.icns */,
				2CC39C9119E67252001384E2 /* MainMenu.strings */,
				2CC2B1A419DE6A0F00CDE9D2 /* PutawayDMG-Info.plist */,
				2CC2B1A519DE6A0F00CDE9D2 /* InfoPlist.strings */,
				2CC2B1A819DE6A0F00CDE9D2 /* main.m */,
				2CC2B1AA19DE6A0F00CDE9D2 /* PutawayDMG-Prefix.pch */,
				2CC2B1AB19DE6A0F00CDE9D2 /* Credits.rtf */,
				2CC39C8719E66872001384E2 /* ServicesMenu.strings */,
				2CC39C8D19E66C9B001384E2 /* Localizable.strings */,
			);
			name = "Supporting Files";
			sourceTree = "<group>";
		};
		68BC6E5BD4589FBB0F2043CB /* Pods */ = {
			isa = PBXGroup;
			children = (
				ABC675DBC28D675F04C13014 /* Pods-PutawayDMG.debug.xcconfig */,
				621CD648C2C676D59D9DD5D1 /* Pods-PutawayDMG.release.xcconfig */,
			);
			name = Pods;
			sourceTree = "<group>";
		};
/* End PBXGroup section */

/* Begin PBXNativeTarget section */
		2CC2B19619DE6A0F00CDE9D2 /* PutawayDMG */ = {
			isa = PBXNativeTarget;
			buildConfigurationList = 2CC2B1B519DE6A1000CDE9D2 /* Build configuration list for PBXNativeTarget "PutawayDMG" */;
			buildPhases = (
				C2C98B0A6989C8104F32ECB1 /* [CP] Check Pods Manifest.lock */,
				2CC2B19319DE6A0F00CDE9D2 /* Sources */,
				2CC2B19419DE6A0F00CDE9D2 /* Frameworks */,
				2CC2B19519DE6A0F00CDE9D2 /* Resources */,
				2C4A364319E648190031E521 /* CopyFiles */,
				0B21A822416788AC9D0A1AC5 /* [CP] Embed Pods Frameworks */,
				27554F4C0489AAEF7119EB02 /* [CP] Copy Pods Resources */,
			);
			buildRules = (
			);
			dependencies = (
				2C6091281D9153E700EEC1A9 /* PBXTargetDependency */,
			);
			name = PutawayDMG;
			productName = "Putaway Disk Image File";
			productReference = 2CC2B19719DE6A0F00CDE9D2 /* PutawayDMG.app */;
			productType = "com.apple.product-type.application";
		};
/* End PBXNativeTarget section */

/* Begin PBXProject section */
		2CC2B18F19DE6A0F00CDE9D2 /* Project object */ = {
			isa = PBXProject;
			attributes = {
				LastUpgradeCheck = 0730;
				ORGANIZATIONNAME = "栗田 哲郎";
				TargetAttributes = {
					2CC2B19619DE6A0F00CDE9D2 = {
						DevelopmentTeam = 5VBC6385DN;
					};
				};
			};
			buildConfigurationList = 2CC2B19219DE6A0F00CDE9D2 /* Build configuration list for PBXProject "PutawayDMG" */;
			compatibilityVersion = "Xcode 6.3";
			developmentRegion = English;
			hasScannedForEncodings = 0;
			knownRegions = (
				en,
				ja,
				Base,
			);
			mainGroup = 2CC2B18E19DE6A0F00CDE9D2;
			productRefGroup = 2CC2B19819DE6A0F00CDE9D2 /* Products */;
			projectDirPath = "";
			projectReferences = (
				{
					ProductGroup = 2C6091221D9153D700EEC1A9 /* Products */;
					ProjectRef = 2C6091211D9153D700EEC1A9 /* DonationReminder.xcodeproj */;
				},
			);
			projectRoot = "";
			targets = (
				2CC2B19619DE6A0F00CDE9D2 /* PutawayDMG */,
			);
		};
/* End PBXProject section */

/* Begin PBXReferenceProxy section */
		2C6091261D9153D700EEC1A9 /* DonationReminder.framework */ = {
			isa = PBXReferenceProxy;
			fileType = wrapper.framework;
			path = DonationReminder.framework;
			remoteRef = 2C6091251D9153D700EEC1A9 /* PBXContainerItemProxy */;
			sourceTree = BUILT_PRODUCTS_DIR;
		};
/* End PBXReferenceProxy section */

/* Begin PBXResourcesBuildPhase section */
		2CC2B19519DE6A0F00CDE9D2 /* Resources */ = {
			isa = PBXResourcesBuildPhase;
			buildActionMask = 2147483647;
			files = (
				2CC2B1A719DE6A0F00CDE9D2 /* InfoPlist.strings in Resources */,
				2CC2B1AD19DE6A0F00CDE9D2 /* Credits.rtf in Resources */,
				2CC2B1B219DE6A1000CDE9D2 /* MainMenu.xib in Resources */,
				2CC39C8519E66872001384E2 /* ServicesMenu.strings in Resources */,
				2CE3D5351D8B80E00010B3C8 /* PutawayDMG.icns in Resources */,
				2CC39C8B19E66C9B001384E2 /* Localizable.strings in Resources */,
				2CC39C9319E67252001384E2 /* MainMenu.strings in Resources */,
			);
			runOnlyForDeploymentPostprocessing = 0;
		};
/* End PBXResourcesBuildPhase section */

/* Begin PBXShellScriptBuildPhase section */
		0B21A822416788AC9D0A1AC5 /* [CP] Embed Pods Frameworks */ = {
			isa = PBXShellScriptBuildPhase;
			buildActionMask = 2147483647;
			files = (
			);
			inputPaths = (
			);
			name = "[CP] Embed Pods Frameworks";
			outputPaths = (
			);
			runOnlyForDeploymentPostprocessing = 0;
			shellPath = /bin/sh;
			shellScript = "\"${SRCROOT}/Pods/Target Support Files/Pods-PutawayDMG/Pods-PutawayDMG-frameworks.sh\"\n";
			showEnvVarsInLog = 0;
		};
		27554F4C0489AAEF7119EB02 /* [CP] Copy Pods Resources */ = {
			isa = PBXShellScriptBuildPhase;
			buildActionMask = 2147483647;
			files = (
			);
			inputPaths = (
			);
			name = "[CP] Copy Pods Resources";
			outputPaths = (
			);
			runOnlyForDeploymentPostprocessing = 0;
			shellPath = /bin/sh;
			shellScript = "\"${SRCROOT}/Pods/Target Support Files/Pods-PutawayDMG/Pods-PutawayDMG-resources.sh\"\n";
			showEnvVarsInLog = 0;
		};
		C2C98B0A6989C8104F32ECB1 /* [CP] Check Pods Manifest.lock */ = {
			isa = PBXShellScriptBuildPhase;
			buildActionMask = 2147483647;
			files = (
			);
			inputPaths = (
			);
			name = "[CP] Check Pods Manifest.lock";
			outputPaths = (
			);
			runOnlyForDeploymentPostprocessing = 0;
			shellPath = /bin/sh;
			shellScript = "diff \"${PODS_ROOT}/../Podfile.lock\" \"${PODS_ROOT}/Manifest.lock\" > /dev/null\nif [[ $? != 0 ]] ; then\n    cat << EOM\nerror: The sandbox is not in sync with the Podfile.lock. Run 'pod install' or update your CocoaPods installation.\nEOM\n    exit 1\nfi\n";
			showEnvVarsInLog = 0;
		};
/* End PBXShellScriptBuildPhase section */

/* Begin PBXSourcesBuildPhase section */
		2CC2B19319DE6A0F00CDE9D2 /* Sources */ = {
			isa = PBXSourcesBuildPhase;
			buildActionMask = 2147483647;
			files = (
				2C3367DB19E390540070C838 /* main.m in Sources */,
				2CC2B1AF19DE6A0F00CDE9D2 /* ASBridge.applescript in Sources */,
				2CC2B1BA19DE6AE200CDE9D2 /* AppDelegate.m in Sources */,
				2C246AAC19E4204200A17ED3 /* NSTask+SimpleTask.m in Sources */,
			);
			runOnlyForDeploymentPostprocessing = 0;
		};
/* End PBXSourcesBuildPhase section */

/* Begin PBXTargetDependency section */
		2C6091281D9153E700EEC1A9 /* PBXTargetDependency */ = {
			isa = PBXTargetDependency;
			name = DonationReminder;
			targetProxy = 2C6091271D9153E700EEC1A9 /* PBXContainerItemProxy */;
		};
/* End PBXTargetDependency section */

/* Begin PBXVariantGroup section */
		2CC2B1A519DE6A0F00CDE9D2 /* InfoPlist.strings */ = {
			isa = PBXVariantGroup;
			children = (
				2CC2B1A619DE6A0F00CDE9D2 /* en */,
				2C4A364919E64D7B0031E521 /* ja */,
			);
			name = InfoPlist.strings;
			sourceTree = "<group>";
		};
		2CC2B1AB19DE6A0F00CDE9D2 /* Credits.rtf */ = {
			isa = PBXVariantGroup;
			children = (
				2CC2B1AC19DE6A0F00CDE9D2 /* en */,
			);
			name = Credits.rtf;
			sourceTree = "<group>";
		};
		2CC2B1B019DE6A1000CDE9D2 /* MainMenu.xib */ = {
			isa = PBXVariantGroup;
			children = (
				2C6091161D914DE100EEC1A9 /* Base */,
				2C6091171D914DF800EEC1A9 /* ja */,
			);
			name = MainMenu.xib;
			sourceTree = "<group>";
		};
		2CC39C8719E66872001384E2 /* ServicesMenu.strings */ = {
			isa = PBXVariantGroup;
			children = (
				2CC39C8619E66872001384E2 /* ja */,
				2CC39C8819E66876001384E2 /* en */,
			);
			name = ServicesMenu.strings;
			sourceTree = "<group>";
		};
		2CC39C8D19E66C9B001384E2 /* Localizable.strings */ = {
			isa = PBXVariantGroup;
			children = (
				2CC39C8C19E66C9B001384E2 /* en */,
				2CC39C8E19E66C9C001384E2 /* ja */,
			);
			name = Localizable.strings;
			sourceTree = "<group>";
		};
		2CC39C9119E67252001384E2 /* MainMenu.strings */ = {
			isa = PBXVariantGroup;
			children = (
				2CC39C9219E67252001384E2 /* ja */,
			);
			name = MainMenu.strings;
			sourceTree = "<group>";
		};
/* End PBXVariantGroup section */

/* Begin XCBuildConfiguration section */
		2CC2B1B319DE6A1000CDE9D2 /* Debug */ = {
			isa = XCBuildConfiguration;
			buildSettings = {
				ALWAYS_SEARCH_USER_PATHS = NO;
				CLANG_CXX_LANGUAGE_STANDARD = "gnu++0x";
				CLANG_CXX_LIBRARY = "libc++";
				CLANG_WARN_CONSTANT_CONVERSION = YES;
				CLANG_WARN_EMPTY_BODY = YES;
				CLANG_WARN_ENUM_CONVERSION = YES;
				CLANG_WARN_INT_CONVERSION = YES;
				CLANG_WARN__DUPLICATE_METHOD_MATCH = YES;
				COPY_PHASE_STRIP = NO;
				CURRENT_PROJECT_VERSION = 16;
				ENABLE_TESTABILITY = YES;
				GCC_C_LANGUAGE_STANDARD = gnu99;
				GCC_DYNAMIC_NO_PIC = NO;
				GCC_ENABLE_OBJC_EXCEPTIONS = YES;
				GCC_OPTIMIZATION_LEVEL = 0;
				GCC_PREPROCESSOR_DEFINITIONS = (
					"DEBUG=1",
					"$(inherited)",
				);
				GCC_SYMBOLS_PRIVATE_EXTERN = NO;
				GCC_WARN_64_TO_32_BIT_CONVERSION = YES;
				GCC_WARN_ABOUT_RETURN_TYPE = YES;
				GCC_WARN_UNINITIALIZED_AUTOS = YES;
				GCC_WARN_UNUSED_VARIABLE = YES;
				MACOSX_DEPLOYMENT_TARGET = 10.8;
				ONLY_ACTIVE_ARCH = YES;
				SDKROOT = macosx;
				VERSIONING_SYSTEM = "apple-generic";
			};
			name = Debug;
		};
		2CC2B1B419DE6A1000CDE9D2 /* Release */ = {
			isa = XCBuildConfiguration;
			buildSettings = {
				ALWAYS_SEARCH_USER_PATHS = NO;
				CLANG_CXX_LANGUAGE_STANDARD = "gnu++0x";
				CLANG_CXX_LIBRARY = "libc++";
				CLANG_WARN_CONSTANT_CONVERSION = YES;
				CLANG_WARN_EMPTY_BODY = YES;
				CLANG_WARN_ENUM_CONVERSION = YES;
				CLANG_WARN_INT_CONVERSION = YES;
				CLANG_WARN__DUPLICATE_METHOD_MATCH = YES;
				COPY_PHASE_STRIP = YES;
				CURRENT_PROJECT_VERSION = 16;
				DEBUG_INFORMATION_FORMAT = "dwarf-with-dsym";
				GCC_C_LANGUAGE_STANDARD = gnu99;
				GCC_ENABLE_OBJC_EXCEPTIONS = YES;
				GCC_WARN_64_TO_32_BIT_CONVERSION = YES;
				GCC_WARN_ABOUT_RETURN_TYPE = YES;
				GCC_WARN_UNINITIALIZED_AUTOS = YES;
				GCC_WARN_UNUSED_VARIABLE = YES;
				MACOSX_DEPLOYMENT_TARGET = 10.8;
				SDKROOT = macosx;
				VERSIONING_SYSTEM = "apple-generic";
			};
			name = Release;
		};
		2CC2B1B619DE6A1000CDE9D2 /* Debug */ = {
			isa = XCBuildConfiguration;
			baseConfigurationReference = ABC675DBC28D675F04C13014 /* Pods-PutawayDMG.debug.xcconfig */;
			buildSettings = {
				CLANG_ENABLE_OBJC_ARC = YES;
				CODE_SIGN_IDENTITY = "Developer ID Application";
				COMBINE_HIDPI_IMAGES = YES;
				FRAMEWORK_SEARCH_PATHS = (
					"$(inherited)",
					"$(SRCROOT)",
					"$(PROJECT_DIR)/DonationReminder/build/Debug",
				);
				GCC_PRECOMPILE_PREFIX_HEADER = YES;
				INFOPLIST_FILE = "PutawayDMG/PutawayDMG-Info.plist";
				MACOSX_DEPLOYMENT_TARGET = 10.8;
				PRODUCT_BUNDLE_IDENTIFIER = "net.script-factory.PutawayDMG";
				PRODUCT_NAME = PutawayDMG;
				SDKROOT = macosx;
				WRAPPER_EXTENSION = app;
			};
			name = Debug;
		};
		2CC2B1B719DE6A1000CDE9D2 /* Release */ = {
			isa = XCBuildConfiguration;
			baseConfigurationReference = 621CD648C2C676D59D9DD5D1 /* Pods-PutawayDMG.release.xcconfig */;
			buildSettings = {
				CLANG_ENABLE_OBJC_ARC = YES;
				CODE_SIGN_IDENTITY = "Developer ID Application";
				COMBINE_HIDPI_IMAGES = YES;
				FRAMEWORK_SEARCH_PATHS = (
					"$(inherited)",
					"$(SRCROOT)",
					"$(PROJECT_DIR)/DonationReminder/build/Debug",
				);
				GCC_PRECOMPILE_PREFIX_HEADER = YES;
				INFOPLIST_FILE = "PutawayDMG/PutawayDMG-Info.plist";
				MACOSX_DEPLOYMENT_TARGET = 10.8;
				PRODUCT_BUNDLE_IDENTIFIER = "net.script-factory.PutawayDMG";
				PRODUCT_NAME = PutawayDMG;
				SDKROOT = macosx;
				WRAPPER_EXTENSION = app;
			};
			name = Release;
		};
/* End XCBuildConfiguration section */

/* Begin XCConfigurationList section */
		2CC2B19219DE6A0F00CDE9D2 /* Build configuration list for PBXProject "PutawayDMG" */ = {
			isa = XCConfigurationList;
			buildConfigurations = (
				2CC2B1B319DE6A1000CDE9D2 /* Debug */,
				2CC2B1B419DE6A1000CDE9D2 /* Release */,
			);
			defaultConfigurationIsVisible = 0;
			defaultConfigurationName = Release;
		};
		2CC2B1B519DE6A1000CDE9D2 /* Build configuration list for PBXNativeTarget "PutawayDMG" */ = {
			isa = XCConfigurationList;
			buildConfigurations = (
				2CC2B1B619DE6A1000CDE9D2 /* Debug */,
				2CC2B1B719DE6A1000CDE9D2 /* Release */,
			);
			defaultConfigurationIsVisible = 0;
			defaultConfigurationName = Release;
		};
/* End XCConfigurationList section */
	};
	rootObject = 2CC2B18F19DE6A0F00CDE9D2 /* Project object */;
}
